// !$*UTF8*$!
{
	archiveVersion = 1;
	classes = {
	};
	objectVersion = 77;
	objects = {

/* Begin PBXBuildFile section */
		AC925E1A2CC6DA4600311946 /* FirebaseAuth in Frameworks */ = {isa = PBXBuildFile; productRef = AC925E192CC6DA4600311946 /* FirebaseAuth */; };
		AC925E1C2CC6DA4E00311946 /* FirebaseCore in Frameworks */ = {isa = PBXBuildFile; productRef = AC925E1B2CC6DA4E00311946 /* FirebaseCore */; };
		AC925E1E2CC6DA6100311946 /* FirebaseFirestore in Frameworks */ = {isa = PBXBuildFile; productRef = AC925E1D2CC6DA6100311946 /* FirebaseFirestore */; };
/* End PBXBuildFile section */

/* Begin PBXContainerItemProxy section */
		ACCC7D122CC0666D0005372D /* PBXContainerItemProxy */ = {
			isa = PBXContainerItemProxy;
			containerPortal = ACCC7CF92CC0666B0005372D /* Project object */;
			proxyType = 1;
			remoteGlobalIDString = ACCC7D002CC0666B0005372D;
			remoteInfo = TranslateMe;
		};
		ACCC7D1C2CC0666D0005372D /* PBXContainerItemProxy */ = {
			isa = PBXContainerItemProxy;
			containerPortal = ACCC7CF92CC0666B0005372D /* Project object */;
			proxyType = 1;
			remoteGlobalIDString = ACCC7D002CC0666B0005372D;
			remoteInfo = TranslateMe;
		};
/* End PBXContainerItemProxy section */

/* Begin PBXFileReference section */
		ACCC7D012CC0666B0005372D /* TranslateMe.app */ = {isa = PBXFileReference; explicitFileType = wrapper.application; includeInIndex = 0; path = TranslateMe.app; sourceTree = BUILT_PRODUCTS_DIR; };
		ACCC7D112CC0666D0005372D /* TranslateMeTests.xctest */ = {isa = PBXFileReference; explicitFileType = wrapper.cfbundle; includeInIndex = 0; path = TranslateMeTests.xctest; sourceTree = BUILT_PRODUCTS_DIR; };
		ACCC7D1B2CC0666D0005372D /* TranslateMeUITests.xctest */ = {isa = PBXFileReference; explicitFileType = wrapper.cfbundle; includeInIndex = 0; path = TranslateMeUITests.xctest; sourceTree = BUILT_PRODUCTS_DIR; };
/* End PBXFileReference section */

/* Begin PBXFileSystemSynchronizedRootGroup section */
		ACCC7D032CC0666B0005372D /* TranslateMe */ = {
			isa = PBXFileSystemSynchronizedRootGroup;
			path = TranslateMe;
			sourceTree = "<group>";
		};
		ACCC7D142CC0666D0005372D /* TranslateMeTests */ = {
			isa = PBXFileSystemSynchronizedRootGroup;
			path = TranslateMeTests;
			sourceTree = "<group>";
		};
		ACCC7D1E2CC0666D0005372D /* TranslateMeUITests */ = {
			isa = PBXFileSystemSynchronizedRootGroup;
			path = TranslateMeUITests;
			sourceTree = "<group>";
		};
/* End PBXFileSystemSynchronizedRootGroup section */

/* Begin PBXFrameworksBuildPhase section */
		ACCC7CFE2CC0666B0005372D /* Frameworks */ = {
			isa = PBXFrameworksBuildPhase;
			buildActionMask = 2147483647;
			files = (
				AC925E1C2CC6DA4E00311946 /* FirebaseCore in Frameworks */,
				AC925E1A2CC6DA4600311946 /* FirebaseAuth in Frameworks */,
				AC925E1E2CC6DA6100311946 /* FirebaseFirestore in Frameworks */,
			);
			runOnlyForDeploymentPostprocessing = 0;
		};
		ACCC7D0E2CC0666D0005372D /* Frameworks */ = {
			isa = PBXFrameworksBuildPhase;
			buildActionMask = 2147483647;
			files = (
			);
			runOnlyForDeploymentPostprocessing = 0;
		};
		ACCC7D182CC0666D0005372D /* Frameworks */ = {
			isa = PBXFrameworksBuildPhase;
			buildActionMask = 2147483647;
			files = (
			);
			runOnlyForDeploymentPostprocessing = 0;
		};
/* End PBXFrameworksBuildPhase section */

/* Begin PBXGroup section */
		AC925E182CC6DA4600311946 /* Frameworks */ = {
			isa = PBXGroup;
			children = (
			);
			name = Frameworks;
			sourceTree = "<group>";
		};
		ACCC7CF82CC0666B0005372D = {
			isa = PBXGroup;
			children = (
				ACCC7D032CC0666B0005372D /* TranslateMe */,
				ACCC7D142CC0666D0005372D /* TranslateMeTests */,
				ACCC7D1E2CC0666D0005372D /* TranslateMeUITests */,
				AC925E182CC6DA4600311946 /* Frameworks */,
				ACCC7D022CC0666B0005372D /* Products */,
			);
			sourceTree = "<group>";
		};
		ACCC7D022CC0666B0005372D /* Products */ = {
			isa = PBXGroup;
			children = (
				ACCC7D012CC0666B0005372D /* TranslateMe.app */,
				ACCC7D112CC0666D0005372D /* TranslateMeTests.xctest */,
				ACCC7D1B2CC0666D0005372D /* TranslateMeUITests.xctest */,
			);
			name = Products;
			sourceTree = "<group>";
		};
/* End PBXGroup section */

/* Begin PBXNativeTarget section */
		ACCC7D002CC0666B0005372D /* TranslateMe */ = {
			isa = PBXNativeTarget;
			buildConfigurationList = ACCC7D252CC0666D0005372D /* Build configuration list for PBXNativeTarget "TranslateMe" */;
			buildPhases = (
				ACCC7CFD2CC0666B0005372D /* Sources */,
				ACCC7CFE2CC0666B0005372D /* Frameworks */,
				ACCC7CFF2CC0666B0005372D /* Resources */,
			);
			buildRules = (
			);
			dependencies = (
			);
			fileSystemSynchronizedGroups = (
				ACCC7D032CC0666B0005372D /* TranslateMe */,
			);
			name = TranslateMe;
			packageProductDependencies = (
				AC925E192CC6DA4600311946 /* FirebaseAuth */,
				AC925E1B2CC6DA4E00311946 /* FirebaseCore */,
				AC925E1D2CC6DA6100311946 /* FirebaseFirestore */,
			);
			productName = TranslateMe;
			productReference = ACCC7D012CC0666B0005372D /* TranslateMe.app */;
			productType = "com.apple.product-type.application";
		};
		ACCC7D102CC0666D0005372D /* TranslateMeTests */ = {
			isa = PBXNativeTarget;
			buildConfigurationList = ACCC7D282CC0666D0005372D /* Build configuration list for PBXNativeTarget "TranslateMeTests" */;
			buildPhases = (
				ACCC7D0D2CC0666D0005372D /* Sources */,
				ACCC7D0E2CC0666D0005372D /* Frameworks */,
				ACCC7D0F2CC0666D0005372D /* Resources */,
			);
			buildRules = (
			);
			dependencies = (
				ACCC7D132CC0666D0005372D /* PBXTargetDependency */,
			);
			fileSystemSynchronizedGroups = (
				ACCC7D142CC0666D0005372D /* TranslateMeTests */,
			);
			name = TranslateMeTests;
			packageProductDependencies = (
			);
			productName = TranslateMeTests;
			productReference = ACCC7D112CC0666D0005372D /* TranslateMeTests.xctest */;
			productType = "com.apple.product-type.bundle.unit-test";
		};
		ACCC7D1A2CC0666D0005372D /* TranslateMeUITests */ = {
			isa = PBXNativeTarget;
			buildConfigurationList = ACCC7D2B2CC0666D0005372D /* Build configuration list for PBXNativeTarget "TranslateMeUITests" */;
			buildPhases = (
				ACCC7D172CC0666D0005372D /* Sources */,
				ACCC7D182CC0666D0005372D /* Frameworks */,
				ACCC7D192CC0666D0005372D /* Resources */,
			);
			buildRules = (
			);
			dependencies = (
				ACCC7D1D2CC0666D0005372D /* PBXTargetDependency */,
			);
			fileSystemSynchronizedGroups = (
				ACCC7D1E2CC0666D0005372D /* TranslateMeUITests */,
			);
			name = TranslateMeUITests;
			packageProductDependencies = (
			);
			productName = TranslateMeUITests;
			productReference = ACCC7D1B2CC0666D0005372D /* TranslateMeUITests.xctest */;
			productType = "com.apple.product-type.bundle.ui-testing";
		};
/* End PBXNativeTarget section */

/* Begin PBXProject section */
		ACCC7CF92CC0666B0005372D /* Project object */ = {
			isa = PBXProject;
			attributes = {
				BuildIndependentTargetsInParallel = 1;
				LastSwiftUpdateCheck = 1600;
				LastUpgradeCheck = 1600;
				TargetAttributes = {
					ACCC7D002CC0666B0005372D = {
						CreatedOnToolsVersion = 16.0;
					};
					ACCC7D102CC0666D0005372D = {
						CreatedOnToolsVersion = 16.0;
						TestTargetID = ACCC7D002CC0666B0005372D;
					};
					ACCC7D1A2CC0666D0005372D = {
						CreatedOnToolsVersion = 16.0;
						TestTargetID = ACCC7D002CC0666B0005372D;
					};
				};
			};
			buildConfigurationList = ACCC7CFC2CC0666B0005372D /* Build configuration list for PBXProject "TranslateMe" */;
			developmentRegion = en;
			hasScannedForEncodings = 0;
			knownRegions = (
				en,
				Base,
			);
			mainGroup = ACCC7CF82CC0666B0005372D;
			minimizedProjectReferenceProxies = 1;
			packageReferences = (
				AC925DDB2CC5E8A000311946 /* XCRemoteSwiftPackageReference "firebase-ios-sdk" */,
			);
			preferredProjectObjectVersion = 77;
			productRefGroup = ACCC7D022CC0666B0005372D /* Products */;
			projectDirPath = "";
			projectRoot = "";
			targets = (
				ACCC7D002CC0666B0005372D /* TranslateMe */,
				ACCC7D102CC0666D0005372D /* TranslateMeTests */,
				ACCC7D1A2CC0666D0005372D /* TranslateMeUITests */,
			);
		};
/* End PBXProject section */

/* Begin PBXResourcesBuildPhase section */
		ACCC7CFF2CC0666B0005372D /* Resources */ = {
			isa = PBXResourcesBuildPhase;
			buildActionMask = 2147483647;
			files = (
			);
			runOnlyForDeploymentPostprocessing = 0;
		};
		ACCC7D0F2CC0666D0005372D /* Resources */ = {
			isa = PBXResourcesBuildPhase;
			buildActionMask = 2147483647;
			files = (
			);
			runOnlyForDeploymentPostprocessing = 0;
		};
		ACCC7D192CC0666D0005372D /* Resources */ = {
			isa = PBXResourcesBuildPhase;
			buildActionMask = 2147483647;
			files = (
			);
			runOnlyForDeploymentPostprocessing = 0;
		};
/* End PBXResourcesBuildPhase section */

/* Begin PBXSourcesBuildPhase section */
		ACCC7CFD2CC0666B0005372D /* Sources */ = {
			isa = PBXSourcesBuildPhase;
			buildActionMask = 2147483647;
			files = (
			);
			runOnlyForDeploymentPostprocessing = 0;
		};
		ACCC7D0D2CC0666D0005372D /* Sources */ = {
			isa = PBXSourcesBuildPhase;
			buildActionMask = 2147483647;
			files = (
			);
			runOnlyForDeploymentPostprocessing = 0;
		};
		ACCC7D172CC0666D0005372D /* Sources */ = {
			isa = PBXSourcesBuildPhase;
			buildActionMask = 2147483647;
			files = (
			);
			runOnlyForDeploymentPostprocessing = 0;
		};
/* End PBXSourcesBuildPhase section */

/* Begin PBXTargetDependency section */
		ACCC7D132CC0666D0005372D /* PBXTargetDependency */ = {
			isa = PBXTargetDependency;
			target = ACCC7D002CC0666B0005372D /* TranslateMe */;
			targetProxy = ACCC7D122CC0666D0005372D /* PBXContainerItemProxy */;
		};
		ACCC7D1D2CC0666D0005372D /* PBXTargetDependency */ = {
			isa = PBXTargetDependency;
			target = ACCC7D002CC0666B0005372D /* TranslateMe */;
			targetProxy = ACCC7D1C2CC0666D0005372D /* PBXContainerItemProxy */;
		};
/* End PBXTargetDependency section */

/* Begin XCBuildConfiguration section */
		ACCC7D232CC0666D0005372D /* Debug */ = {
			isa = XCBuildConfiguration;
			buildSettings = {
				ALWAYS_SEARCH_USER_PATHS = NO;
				ASSETCATALOG_COMPILER_GENERATE_SWIFT_ASSET_SYMBOL_EXTENSIONS = YES;
				CLANG_ANALYZER_NONNULL = YES;
				CLANG_ANALYZER_NUMBER_OBJECT_CONVERSION = YES_AGGRESSIVE;
				CLANG_CXX_LANGUAGE_STANDARD = "gnu++20";
				CLANG_ENABLE_MODULES = YES;
				CLANG_ENABLE_OBJC_ARC = YES;
				CLANG_ENABLE_OBJC_WEAK = YES;
				CLANG_WARN_BLOCK_CAPTURE_AUTORELEASING = YES;
				CLANG_WARN_BOOL_CONVERSION = YES;
				CLANG_WARN_COMMA = YES;
				CLANG_WARN_CONSTANT_CONVERSION = YES;
				CLANG_WARN_DEPRECATED_OBJC_IMPLEMENTATIONS = YES;
				CLANG_WARN_DIRECT_OBJC_ISA_USAGE = YES_ERROR;
				CLANG_WARN_DOCUMENTATION_COMMENTS = YES;
				CLANG_WARN_EMPTY_BODY = YES;
				CLANG_WARN_ENUM_CONVERSION = YES;
				CLANG_WARN_INFINITE_RECURSION = YES;
				CLANG_WARN_INT_CONVERSION = YES;
				CLANG_WARN_NON_LITERAL_NULL_CONVERSION = YES;
				CLANG_WARN_OBJC_IMPLICIT_RETAIN_SELF = YES;
				CLANG_WARN_OBJC_LITERAL_CONVERSION = YES;
				CLANG_WARN_OBJC_ROOT_CLASS = YES_ERROR;
				CLANG_WARN_QUOTED_INCLUDE_IN_FRAMEWORK_HEADER = YES;
				CLANG_WARN_RANGE_LOOP_ANALYSIS = YES;
				CLANG_WARN_STRICT_PROTOTYPES = YES;
				CLANG_WARN_SUSPICIOUS_MOVE = YES;
				CLANG_WARN_UNGUARDED_AVAILABILITY = YES_AGGRESSIVE;
				CLANG_WARN_UNREACHABLE_CODE = YES;
				CLANG_WARN__DUPLICATE_METHOD_MATCH = YES;
				COPY_PHASE_STRIP = NO;
				DEBUG_INFORMATION_FORMAT = dwarf;
				ENABLE_STRICT_OBJC_MSGSEND = YES;
				ENABLE_TESTABILITY = YES;
				ENABLE_USER_SCRIPT_SANDBOXING = YES;
				GCC_C_LANGUAGE_STANDARD = gnu17;
				GCC_DYNAMIC_NO_PIC = NO;
				GCC_NO_COMMON_BLOCKS = YES;
				GCC_OPTIMIZATION_LEVEL = 0;
				GCC_PREPROCESSOR_DEFINITIONS = (
					"DEBUG=1",
					"$(inherited)",
				);
				GCC_WARN_64_TO_32_BIT_CONVERSION = YES;
				GCC_WARN_ABOUT_RETURN_TYPE = YES_ERROR;
				GCC_WARN_UNDECLARED_SELECTOR = YES;
				GCC_WARN_UNINITIALIZED_AUTOS = YES_AGGRESSIVE;
				GCC_WARN_UNUSED_FUNCTION = YES;
				GCC_WARN_UNUSED_VARIABLE = YES;
				IPHONEOS_DEPLOYMENT_TARGET = 18.0;
				LOCALIZATION_PREFERS_STRING_CATALOGS = YES;
				MTL_ENABLE_DEBUG_INFO = INCLUDE_SOURCE;
				MTL_FAST_MATH = YES;
				ONLY_ACTIVE_ARCH = YES;
				SDKROOT = iphoneos;
				SWIFT_ACTIVE_COMPILATION_CONDITIONS = "DEBUG $(inherited)";
				SWIFT_OPTIMIZATION_LEVEL = "-Onone";
			};
			name = Debug;
		};
		ACCC7D242CC0666D0005372D /* Release */ = {
			isa = XCBuildConfiguration;
			buildSettings = {
				ALWAYS_SEARCH_USER_PATHS = NO;
				ASSETCATALOG_COMPILER_GENERATE_SWIFT_ASSET_SYMBOL_EXTENSIONS = YES;
				CLANG_ANALYZER_NONNULL = YES;
				CLANG_ANALYZER_NUMBER_OBJECT_CONVERSION = YES_AGGRESSIVE;
				CLANG_CXX_LANGUAGE_STANDARD = "gnu++20";
				CLANG_ENABLE_MODULES = YES;
				CLANG_ENABLE_OBJC_ARC = YES;
				CLANG_ENABLE_OBJC_WEAK = YES;
				CLANG_WARN_BLOCK_CAPTURE_AUTORELEASING = YES;
				CLANG_WARN_BOOL_CONVERSION = YES;
				CLANG_WARN_COMMA = YES;
				CLANG_WARN_CONSTANT_CONVERSION = YES;
				CLANG_WARN_DEPRECATED_OBJC_IMPLEMENTATIONS = YES;
				CLANG_WARN_DIRECT_OBJC_ISA_USAGE = YES_ERROR;
				CLANG_WARN_DOCUMENTATION_COMMENTS = YES;
				CLANG_WARN_EMPTY_BODY = YES;
				CLANG_WARN_ENUM_CONVERSION = YES;
				CLANG_WARN_INFINITE_RECURSION = YES;
				CLANG_WARN_INT_CONVERSION = YES;
				CLANG_WARN_NON_LITERAL_NULL_CONVERSION = YES;
				CLANG_WARN_OBJC_IMPLICIT_RETAIN_SELF = YES;
				CLANG_WARN_OBJC_LITERAL_CONVERSION = YES;
				CLANG_WARN_OBJC_ROOT_CLASS = YES_ERROR;
				CLANG_WARN_QUOTED_INCLUDE_IN_FRAMEWORK_HEADER = YES;
				CLANG_WARN_RANGE_LOOP_ANALYSIS = YES;
				CLANG_WARN_STRICT_PROTOTYPES = YES;
				CLANG_WARN_SUSPICIOUS_MOVE = YES;
				CLANG_WARN_UNGUARDED_AVAILABILITY = YES_AGGRESSIVE;
				CLANG_WARN_UNREACHABLE_CODE = YES;
				CLANG_WARN__DUPLICATE_METHOD_MATCH = YES;
				COPY_PHASE_STRIP = NO;
				DEBUG_INFORMATION_FORMAT = "dwarf-with-dsym";
				ENABLE_NS_ASSERTIONS = NO;
				ENABLE_STRICT_OBJC_MSGSEND = YES;
				ENABLE_USER_SCRIPT_SANDBOXING = YES;
				GCC_C_LANGUAGE_STANDARD = gnu17;
				GCC_NO_COMMON_BLOCKS = YES;
				GCC_WARN_64_TO_32_BIT_CONVERSION = YES;
				GCC_WARN_ABOUT_RETURN_TYPE = YES_ERROR;
				GCC_WARN_UNDECLARED_SELECTOR = YES;
				GCC_WARN_UNINITIALIZED_AUTOS = YES_AGGRESSIVE;
				GCC_WARN_UNUSED_FUNCTION = YES;
				GCC_WARN_UNUSED_VARIABLE = YES;
				IPHONEOS_DEPLOYMENT_TARGET = 18.0;
				LOCALIZATION_PREFERS_STRING_CATALOGS = YES;
				MTL_ENABLE_DEBUG_INFO = NO;
				MTL_FAST_MATH = YES;
				SDKROOT = iphoneos;
				SWIFT_COMPILATION_MODE = wholemodule;
				VALIDATE_PRODUCT = YES;
			};
			name = Release;
		};
		ACCC7D262CC0666D0005372D /* Debug */ = {
			isa = XCBuildConfiguration;
			buildSettings = {
				ASSETCATALOG_COMPILER_APPICON_NAME = AppIcon;
				ASSETCATALOG_COMPILER_GLOBAL_ACCENT_COLOR_NAME = AccentColor;
				CODE_SIGN_STYLE = Automatic;
				CURRENT_PROJECT_VERSION = 1;
				DEVELOPMENT_ASSET_PATHS = "\"TranslateMe/Preview Content\"";
				ENABLE_PREVIEWS = YES;
				GENERATE_INFOPLIST_FILE = YES;
				INFOPLIST_KEY_UIApplicationSceneManifest_Generation = YES;
				INFOPLIST_KEY_UIApplicationSupportsIndirectInputEvents = YES;
				INFOPLIST_KEY_UILaunchScreen_Generation = YES;
				INFOPLIST_KEY_UISupportedInterfaceOrientations_iPad = "UIInterfaceOrientationPortrait UIInterfaceOrientationPortraitUpsideDown UIInterfaceOrientationLandscapeLeft UIInterfaceOrientationLandscapeRight";
				INFOPLIST_KEY_UISupportedInterfaceOrientations_iPhone = "UIInterfaceOrientationPortrait UIInterfaceOrientationLandscapeLeft UIInterfaceOrientationLandscapeRight";
				LD_RUNPATH_SEARCH_PATHS = (
					"$(inherited)",
					"@executable_path/Frameworks",
				);
				MARKETING_VERSION = 1.0;
				PRODUCT_BUNDLE_IDENTIFIER = ios.gc.fiu.edu.TranslateMe;
				PRODUCT_NAME = "$(TARGET_NAME)";
				SWIFT_EMIT_LOC_STRINGS = YES;
				SWIFT_VERSION = 5.0;
				TARGETED_DEVICE_FAMILY = "1,2";
			};
			name = Debug;
		};
		ACCC7D272CC0666D0005372D /* Release */ = {
			isa = XCBuildConfiguration;
			buildSettings = {
				ASSETCATALOG_COMPILER_APPICON_NAME = AppIcon;
				ASSETCATALOG_COMPILER_GLOBAL_ACCENT_COLOR_NAME = AccentColor;
				CODE_SIGN_STYLE = Automatic;
				CURRENT_PROJECT_VERSION = 1;
				DEVELOPMENT_ASSET_PATHS = "\"TranslateMe/Preview Content\"";
				ENABLE_PREVIEWS = YES;
				GENERATE_INFOPLIST_FILE = YES;
				INFOPLIST_KEY_UIApplicationSceneManifest_Generation = YES;
				INFOPLIST_KEY_UIApplicationSupportsIndirectInputEvents = YES;
				INFOPLIST_KEY_UILaunchScreen_Generation = YES;
				INFOPLIST_KEY_UISupportedInterfaceOrientations_iPad = "UIInterfaceOrientationPortrait UIInterfaceOrientationPortraitUpsideDown UIInterfaceOrientationLandscapeLeft UIInterfaceOrientationLandscapeRight";
				INFOPLIST_KEY_UISupportedInterfaceOrientations_iPhone = "UIInterfaceOrientationPortrait UIInterfaceOrientationLandscapeLeft UIInterfaceOrientationLandscapeRight";
				LD_RUNPATH_SEARCH_PATHS = (
					"$(inherited)",
					"@executable_path/Frameworks",
				);
				MARKETING_VERSION = 1.0;
				PRODUCT_BUNDLE_IDENTIFIER = ios.gc.fiu.edu.TranslateMe;
				PRODUCT_NAME = "$(TARGET_NAME)";
				SWIFT_EMIT_LOC_STRINGS = YES;
				SWIFT_VERSION = 5.0;
				TARGETED_DEVICE_FAMILY = "1,2";
			};
			name = Release;
		};
		ACCC7D292CC0666D0005372D /* Debug */ = {
			isa = XCBuildConfiguration;
			buildSettings = {
				BUNDLE_LOADER = "$(TEST_HOST)";
				CODE_SIGN_STYLE = Automatic;
				CURRENT_PROJECT_VERSION = 1;
				GENERATE_INFOPLIST_FILE = YES;
				IPHONEOS_DEPLOYMENT_TARGET = 18.0;
				MARKETING_VERSION = 1.0;
				PRODUCT_BUNDLE_IDENTIFIER = ios.gc.fiu.edu.TranslateMeTests;
				PRODUCT_NAME = "$(TARGET_NAME)";
				SWIFT_EMIT_LOC_STRINGS = NO;
				SWIFT_VERSION = 5.0;
				TARGETED_DEVICE_FAMILY = "1,2";
				TEST_HOST = "$(BUILT_PRODUCTS_DIR)/TranslateMe.app/$(BUNDLE_EXECUTABLE_FOLDER_PATH)/TranslateMe";
			};
			name = Debug;
		};
		ACCC7D2A2CC0666D0005372D /* Release */ = {
			isa = XCBuildConfiguration;
			buildSettings = {
				BUNDLE_LOADER = "$(TEST_HOST)";
				CODE_SIGN_STYLE = Automatic;
				CURRENT_PROJECT_VERSION = 1;
				GENERATE_INFOPLIST_FILE = YES;
				IPHONEOS_DEPLOYMENT_TARGET = 18.0;
				MARKETING_VERSION = 1.0;
				PRODUCT_BUNDLE_IDENTIFIER = ios.gc.fiu.edu.TranslateMeTests;
				PRODUCT_NAME = "$(TARGET_NAME)";
				SWIFT_EMIT_LOC_STRINGS = NO;
				SWIFT_VERSION = 5.0;
				TARGETED_DEVICE_FAMILY = "1,2";
				TEST_HOST = "$(BUILT_PRODUCTS_DIR)/TranslateMe.app/$(BUNDLE_EXECUTABLE_FOLDER_PATH)/TranslateMe";
			};
			name = Release;
		};
		ACCC7D2C2CC0666D0005372D /* Debug */ = {
			isa = XCBuildConfiguration;
			buildSettings = {
				CODE_SIGN_STYLE = Automatic;
				CURRENT_PROJECT_VERSION = 1;
				GENERATE_INFOPLIST_FILE = YES;
				MARKETING_VERSION = 1.0;
				PRODUCT_BUNDLE_IDENTIFIER = ios.gc.fiu.edu.TranslateMeUITests;
				PRODUCT_NAME = "$(TARGET_NAME)";
				SWIFT_EMIT_LOC_STRINGS = NO;
				SWIFT_VERSION = 5.0;
				TARGETED_DEVICE_FAMILY = "1,2";
				TEST_TARGET_NAME = TranslateMe;
			};
			name = Debug;
		};
		ACCC7D2D2CC0666D0005372D /* Release */ = {
			isa = XCBuildConfiguration;
			buildSettings = {
				CODE_SIGN_STYLE = Automatic;
				CURRENT_PROJECT_VERSION = 1;
				GENERATE_INFOPLIST_FILE = YES;
				MARKETING_VERSION = 1.0;
				PRODUCT_BUNDLE_IDENTIFIER = ios.gc.fiu.edu.TranslateMeUITests;
				PRODUCT_NAME = "$(TARGET_NAME)";
				SWIFT_EMIT_LOC_STRINGS = NO;
				SWIFT_VERSION = 5.0;
				TARGETED_DEVICE_FAMILY = "1,2";
				TEST_TARGET_NAME = TranslateMe;
			};
			name = Release;
		};
/* End XCBuildConfiguration section */

/* Begin XCConfigurationList section */
		ACCC7CFC2CC0666B0005372D /* Build configuration list for PBXProject "TranslateMe" */ = {
			isa = XCConfigurationList;
			buildConfigurations = (
				ACCC7D232CC0666D0005372D /* Debug */,
				ACCC7D242CC0666D0005372D /* Release */,
			);
			defaultConfigurationIsVisible = 0;
			defaultConfigurationName = Release;
		};
		ACCC7D252CC0666D0005372D /* Build configuration list for PBXNativeTarget "TranslateMe" */ = {
			isa = XCConfigurationList;
			buildConfigurations = (
				ACCC7D262CC0666D0005372D /* Debug */,
				ACCC7D272CC0666D0005372D /* Release */,
			);
			defaultConfigurationIsVisible = 0;
			defaultConfigurationName = Release;
		};
		ACCC7D282CC0666D0005372D /* Build configuration list for PBXNativeTarget "TranslateMeTests" */ = {
			isa = XCConfigurationList;
			buildConfigurations = (
				ACCC7D292CC0666D0005372D /* Debug */,
				ACCC7D2A2CC0666D0005372D /* Release */,
			);
			defaultConfigurationIsVisible = 0;
			defaultConfigurationName = Release;
		};
		ACCC7D2B2CC0666D0005372D /* Build configuration list for PBXNativeTarget "TranslateMeUITests" */ = {
			isa = XCConfigurationList;
			buildConfigurations = (
				ACCC7D2C2CC0666D0005372D /* Debug */,
				ACCC7D2D2CC0666D0005372D /* Release */,
			);
			defaultConfigurationIsVisible = 0;
			defaultConfigurationName = Release;
		};
/* End XCConfigurationList section */

/* Begin XCRemoteSwiftPackageReference section */
		AC925DDB2CC5E8A000311946 /* XCRemoteSwiftPackageReference "firebase-ios-sdk" */ = {
			isa = XCRemoteSwiftPackageReference;
			repositoryURL = "https://github.com/firebase/firebase-ios-sdk";
			requirement = {
				kind = upToNextMajorVersion;
				minimumVersion = 11.3.0;
			};
		};
/* End XCRemoteSwiftPackageReference section */

/* Begin XCSwiftPackageProductDependency section */
		AC925E192CC6DA4600311946 /* FirebaseAuth */ = {
			isa = XCSwiftPackageProductDependency;
			package = AC925DDB2CC5E8A000311946 /* XCRemoteSwiftPackageReference "firebase-ios-sdk" */;
			productName = FirebaseAuth;
		};
		AC925E1B2CC6DA4E00311946 /* FirebaseCore */ = {
			isa = XCSwiftPackageProductDependency;
			package = AC925DDB2CC5E8A000311946 /* XCRemoteSwiftPackageReference "firebase-ios-sdk" */;
			productName = FirebaseCore;
		};
		AC925E1D2CC6DA6100311946 /* FirebaseFirestore */ = {
			isa = XCSwiftPackageProductDependency;
			package = AC925DDB2CC5E8A000311946 /* XCRemoteSwiftPackageReference "firebase-ios-sdk" */;
			productName = FirebaseFirestore;
		};
/* End XCSwiftPackageProductDependency section */
	};
	rootObject = ACCC7CF92CC0666B0005372D /* Project object */;
}
